// !$*UTF8*$!
{
	archiveVersion = 1;
	classes = {
	};
	objectVersion = 50;
	objects = {

/* Begin PBXBuildFile section */
		A942DDCC20CE7C9C00942810 /* AppDelegate.swift in Sources */ = {isa = PBXBuildFile; fileRef = A942DDCB20CE7C9C00942810 /* AppDelegate.swift */; };
		A942DDCE20CE7C9C00942810 /* ViewController.swift in Sources */ = {isa = PBXBuildFile; fileRef = A942DDCD20CE7C9C00942810 /* ViewController.swift */; };
		A942DDD120CE7C9C00942810 /* Main.storyboard in Resources */ = {isa = PBXBuildFile; fileRef = A942DDCF20CE7C9C00942810 /* Main.storyboard */; };
		A942DDD320CE7C9E00942810 /* Assets.xcassets in Resources */ = {isa = PBXBuildFile; fileRef = A942DDD220CE7C9E00942810 /* Assets.xcassets */; };
		A942DDD620CE7C9E00942810 /* LaunchScreen.storyboard in Resources */ = {isa = PBXBuildFile; fileRef = A942DDD420CE7C9E00942810 /* LaunchScreen.storyboard */; };
		A99487F120D0564E0078C6EE /* Product.swift in Sources */ = {isa = PBXBuildFile; fileRef = A99487F020D0564E0078C6EE /* Product.swift */; };
/* End PBXBuildFile section */

/* Begin PBXFileReference section */
		A942DDC820CE7C9C00942810 /* Heady.app */ = {isa = PBXFileReference; explicitFileType = wrapper.application; includeInIndex = 0; path = Heady.app; sourceTree = BUILT_PRODUCTS_DIR; };
		A942DDCB20CE7C9C00942810 /* AppDelegate.swift */ = {isa = PBXFileReference; lastKnownFileType = sourcecode.swift; path = AppDelegate.swift; sourceTree = "<group>"; };
		A942DDCD20CE7C9C00942810 /* ViewController.swift */ = {isa = PBXFileReference; lastKnownFileType = sourcecode.swift; path = ViewController.swift; sourceTree = "<group>"; };
		A942DDD020CE7C9C00942810 /* Base */ = {isa = PBXFileReference; lastKnownFileType = file.storyboard; name = Base; path = Base.lproj/Main.storyboard; sourceTree = "<group>"; };
		A942DDD220CE7C9E00942810 /* Assets.xcassets */ = {isa = PBXFileReference; lastKnownFileType = folder.assetcatalog; path = Assets.xcassets; sourceTree = "<group>"; };
		A942DDD520CE7C9E00942810 /* Base */ = {isa = PBXFileReference; lastKnownFileType = file.storyboard; name = Base; path = Base.lproj/LaunchScreen.storyboard; sourceTree = "<group>"; };
		A942DDD720CE7C9E00942810 /* Info.plist */ = {isa = PBXFileReference; lastKnownFileType = text.plist.xml; path = Info.plist; sourceTree = "<group>"; };
		A99487F020D0564E0078C6EE /* Product.swift */ = {isa = PBXFileReference; lastKnownFileType = sourcecode.swift; path = Product.swift; sourceTree = "<group>"; };
/* End PBXFileReference section */

/* Begin PBXFrameworksBuildPhase section */
		A942DDC520CE7C9C00942810 /* Frameworks */ = {
			isa = PBXFrameworksBuildPhase;
			buildActionMask = 2147483647;
			files = (
			);
			runOnlyForDeploymentPostprocessing = 0;
		};
/* End PBXFrameworksBuildPhase section */

/* Begin PBXGroup section */
		A942DDBF20CE7C9C00942810 = {
			isa = PBXGroup;
			children = (
				A942DDCA20CE7C9C00942810 /* Heady */,
				A942DDC920CE7C9C00942810 /* Products */,
			);
			sourceTree = "<group>";
		};
		A942DDC920CE7C9C00942810 /* Products */ = {
			isa = PBXGroup;
			children = (
				A942DDC820CE7C9C00942810 /* Heady.app */,
			);
			name = Products;
			sourceTree = "<group>";
		};
		A942DDCA20CE7C9C00942810 /* Heady */ = {
			isa = PBXGroup;
			children = (
				A99487EE20D0561C0078C6EE /* Views */,
				A942DDCB20CE7C9C00942810 /* AppDelegate.swift */,
				A942DDCD20CE7C9C00942810 /* ViewController.swift */,
				A942DDD220CE7C9E00942810 /* Assets.xcassets */,
				A942DDD420CE7C9E00942810 /* LaunchScreen.storyboard */,
				A942DDD720CE7C9E00942810 /* Info.plist */,
			);
			path = Heady;
			sourceTree = "<group>";
		};
		A99487EE20D0561C0078C6EE /* Views */ = {
			isa = PBXGroup;
			children = (
				A942DDCF20CE7C9C00942810 /* Main.storyboard */,
				A99487EF20D056250078C6EE /* TableCells */,
			);
			path = Views;
			sourceTree = "<group>";
		};
		A99487EF20D056250078C6EE /* TableCells */ = {
			isa = PBXGroup;
			children = (
				A99487F020D0564E0078C6EE /* Product.swift */,
			);
			path = TableCells;
			sourceTree = "<group>";
		};
/* End PBXGroup section */

/* Begin PBXNativeTarget section */
		A942DDC720CE7C9C00942810 /* Heady */ = {
			isa = PBXNativeTarget;
			buildConfigurationList = A942DDDA20CE7C9E00942810 /* Build configuration list for PBXNativeTarget "Heady" */;
			buildPhases = (
				A942DDC420CE7C9C00942810 /* Sources */,
				A942DDC520CE7C9C00942810 /* Frameworks */,
				A942DDC620CE7C9C00942810 /* Resources */,
			);
			buildRules = (
			);
			dependencies = (
			);
			name = Heady;
			productName = Heady;
			productReference = A942DDC820CE7C9C00942810 /* Heady.app */;
			productType = "com.apple.product-type.application";
		};
/* End PBXNativeTarget section */

/* Begin PBXProject section */
		A942DDC020CE7C9C00942810 /* Project object */ = {
			isa = PBXProject;
			attributes = {
				LastSwiftUpdateCheck = 0930;
				LastUpgradeCheck = 0930;
				ORGANIZATIONNAME = iamfaizuddin;
				TargetAttributes = {
					A942DDC720CE7C9C00942810 = {
						CreatedOnToolsVersion = 9.3;
					};
				};
			};
			buildConfigurationList = A942DDC320CE7C9C00942810 /* Build configuration list for PBXProject "Heady" */;
			compatibilityVersion = "Xcode 9.3";
			developmentRegion = en;
			hasScannedForEncodings = 0;
			knownRegions = (
				en,
				Base,
			);
			mainGroup = A942DDBF20CE7C9C00942810;
			productRefGroup = A942DDC920CE7C9C00942810 /* Products */;
			projectDirPath = "";
			projectRoot = "";
			targets = (
				A942DDC720CE7C9C00942810 /* Heady */,
			);
		};
/* End PBXProject section */

/* Begin PBXResourcesBuildPhase section */
		A942DDC620CE7C9C00942810 /* Resources */ = {
			isa = PBXResourcesBuildPhase;
			buildActionMask = 2147483647;
			files = (
				A942DDD620CE7C9E00942810 /* LaunchScreen.storyboard in Resources */,
				A942DDD320CE7C9E00942810 /* Assets.xcassets in Resources */,
				A942DDD120CE7C9C00942810 /* Main.storyboard in Resources */,
			);
			runOnlyForDeploymentPostprocessing = 0;
		};
/* End PBXResourcesBuildPhase section */

/* Begin PBXSourcesBuildPhase section */
		A942DDC420CE7C9C00942810 /* Sources */ = {
			isa = PBXSourcesBuildPhase;
			buildActionMask = 2147483647;
			files = (
				A942DDCE20CE7C9C00942810 /* ViewController.swift in Sources */,
				A942DDCC20CE7C9C00942810 /* AppDelegate.swift in Sources */,
				A99487F120D0564E0078C6EE /* Product.swift in Sources */,
			);
			runOnlyForDeploymentPostprocessing = 0;
		};
/* End PBXSourcesBuildPhase section */

/* Begin PBXVariantGroup section */
		A942DDCF20CE7C9C00942810 /* Main.storyboard */ = {
			isa = PBXVariantGroup;
			children = (
				A942DDD020CE7C9C00942810 /* Base */,
			);
			name = Main.storyboard;
			sourceTree = "<group>";
		};
		A942DDD420CE7C9E00942810 /* LaunchScreen.storyboard */ = {
			isa = PBXVariantGroup;
			children = (
				A942DDD520CE7C9E00942810 /* Base */,
			);
			name = LaunchScreen.storyboard;
			sourceTree = "<group>";
		};
/* End PBXVariantGroup section */

/* Begin XCBuildConfiguration section */
		A942DDD820CE7C9E00942810 /* Debug */ = {
			isa = XCBuildConfiguration;
			buildSettings = {
				ALWAYS_SEARCH_USER_PATHS = NO;
				CLANG_ANALYZER_NONNULL = YES;
				CLANG_ANALYZER_NUMBER_OBJECT_CONVERSION = YES_AGGRESSIVE;
				CLANG_CXX_LANGUAGE_STANDARD = "gnu++14";
				CLANG_CXX_LIBRARY = "libc++";
				CLANG_ENABLE_MODULES = YES;
				CLANG_ENABLE_OBJC_ARC = YES;
				CLANG_ENABLE_OBJC_WEAK = YES;
				CLANG_WARN_BLOCK_CAPTURE_AUTORELEASING = YES;
				CLANG_WARN_BOOL_CONVERSION = YES;
				CLANG_WARN_COMMA = YES;
				CLANG_WARN_CONSTANT_CONVERSION = YES;
				CLANG_WARN_DEPRECATED_OBJC_IMPLEMENTATIONS = YES;
				CLANG_WARN_DIRECT_OBJC_ISA_USAGE = YES_ERROR;
				CLANG_WARN_DOCUMENTATION_COMMENTS = YES;
				CLANG_WARN_EMPTY_BODY = YES;
				CLANG_WARN_ENUM_CONVERSION = YES;
				CLANG_WARN_INFINITE_RECURSION = YES;
				CLANG_WARN_INT_CONVERSION = YES;
				CLANG_WARN_NON_LITERAL_NULL_CONVERSION = YES;
				CLANG_WARN_OBJC_IMPLICIT_RETAIN_SELF = YES;
				CLANG_WARN_OBJC_LITERAL_CONVERSION = YES;
				CLANG_WARN_OBJC_ROOT_CLASS = YES_ERROR;
				CLANG_WARN_RANGE_LOOP_ANALYSIS = YES;
				CLANG_WARN_STRICT_PROTOTYPES = YES;
				CLANG_WARN_SUSPICIOUS_MOVE = YES;
				CLANG_WARN_UNGUARDED_AVAILABILITY = YES_AGGRESSIVE;
				CLANG_WARN_UNREACHABLE_CODE = YES;
				CLANG_WARN__DUPLICATE_METHOD_MATCH = YES;
				CODE_SIGN_IDENTITY = "iPhone Developer";
				COPY_PHASE_STRIP = NO;
				DEBUG_INFORMATION_FORMAT = dwarf;
				ENABLE_STRICT_OBJC_MSGSEND = YES;
				ENABLE_TESTABILITY = YES;
				GCC_C_LANGUAGE_STANDARD = gnu11;
				GCC_DYNAMIC_NO_PIC = NO;
				GCC_NO_COMMON_BLOCKS = YES;
				GCC_OPTIMIZATION_LEVEL = 0;
				GCC_PREPROCESSOR_DEFINITIONS = (
					"DEBUG=1",
					"$(inherited)",
				);
				GCC_WARN_64_TO_32_BIT_CONVERSION = YES;
				GCC_WARN_ABOUT_RETURN_TYPE = YES_ERROR;
				GCC_WARN_UNDECLARED_SELECTOR = YES;
				GCC_WARN_UNINITIALIZED_AUTOS = YES_AGGRESSIVE;
				GCC_WARN_UNUSED_FUNCTION = YES;
				GCC_WARN_UNUSED_VARIABLE = YES;
				IPHONEOS_DEPLOYMENT_TARGET = 11.3;
				MTL_ENABLE_DEBUG_INFO = YES;
				ONLY_ACTIVE_ARCH = YES;
				SDKROOT = iphoneos;
				SWIFT_ACTIVE_COMPILATION_CONDITIONS = DEBUG;
				SWIFT_OPTIMIZATION_LEVEL = "-Onone";
			};
			name = Debug;
		};
		A942DDD920CE7C9E00942810 /* Release */ = {
			isa = XCBuildConfiguration;
			buildSettings = {
				ALWAYS_SEARCH_USER_PATHS = NO;
				CLANG_ANALYZER_NONNULL = YES;
				CLANG_ANALYZER_NUMBER_OBJECT_CONVERSION = YES_AGGRESSIVE;
				CLANG_CXX_LANGUAGE_STANDARD = "gnu++14";
				CLANG_CXX_LIBRARY = "libc++";
				CLANG_ENABLE_MODULES = YES;
				CLANG_ENABLE_OBJC_ARC = YES;
				CLANG_ENABLE_OBJC_WEAK = YES;
				CLANG_WARN_BLOCK_CAPTURE_AUTORELEASING = YES;
				CLANG_WARN_BOOL_CONVERSION = YES;
				CLANG_WARN_COMMA = YES;
				CLANG_WARN_CONSTANT_CONVERSION = YES;
				CLANG_WARN_DEPRECATED_OBJC_IMPLEMENTATIONS = YES;
				CLANG_WARN_DIRECT_OBJC_ISA_USAGE = YES_ERROR;
				CLANG_WARN_DOCUMENTATION_COMMENTS = YES;
				CLANG_WARN_EMPTY_BODY = YES;
				CLANG_WARN_ENUM_CONVERSION = YES;
				CLANG_WARN_INFINITE_RECURSION = YES;
				CLANG_WARN_INT_CONVERSION = YES;
				CLANG_WARN_NON_LITERAL_NULL_CONVERSION = YES;
				CLANG_WARN_OBJC_IMPLICIT_RETAIN_SELF = YES;
				CLANG_WARN_OBJC_LITERAL_CONVERSION = YES;
				CLANG_WARN_OBJC_ROOT_CLASS = YES_ERROR;
				CLANG_WARN_RANGE_LOOP_ANALYSIS = YES;
				CLANG_WARN_STRICT_PROTOTYPES = YES;
				CLANG_WARN_SUSPICIOUS_MOVE = YES;
				CLANG_WARN_UNGUARDED_AVAILABILITY = YES_AGGRESSIVE;
				CLANG_WARN_UNREACHABLE_CODE = YES;
				CLANG_WARN__DUPLICATE_METHOD_MATCH = YES;
				CODE_SIGN_IDENTITY = "iPhone Developer";
				COPY_PHASE_STRIP = NO;
				DEBUG_INFORMATION_FORMAT = "dwarf-with-dsym";
				ENABLE_NS_ASSERTIONS = NO;
				ENABLE_STRICT_OBJC_MSGSEND = YES;
				GCC_C_LANGUAGE_STANDARD = gnu11;
				GCC_NO_COMMON_BLOCKS = YES;
				GCC_WARN_64_TO_32_BIT_CONVERSION = YES;
				GCC_WARN_ABOUT_RETURN_TYPE = YES_ERROR;
				GCC_WARN_UNDECLARED_SELECTOR = YES;
				GCC_WARN_UNINITIALIZED_AUTOS = YES_AGGRESSIVE;
				GCC_WARN_UNUSED_FUNCTION = YES;
				GCC_WARN_UNUSED_VARIABLE = YES;
				IPHONEOS_DEPLOYMENT_TARGET = 11.3;
				MTL_ENABLE_DEBUG_INFO = NO;
				SDKROOT = iphoneos;
				SWIFT_COMPILATION_MODE = wholemodule;
				SWIFT_OPTIMIZATION_LEVEL = "-O";
				VALIDATE_PRODUCT = YES;
			};
			name = Release;
		};
		A942DDDB20CE7C9E00942810 /* Debug */ = {
			isa = XCBuildConfiguration;
			buildSettings = {
				ASSETCATALOG_COMPILER_APPICON_NAME = AppIcon;
				CODE_SIGN_STYLE = Manual;
				DEVELOPMENT_TEAM = "";
				INFOPLIST_FILE = Heady/Info.plist;
				LD_RUNPATH_SEARCH_PATHS = (
					"$(inherited)",
					"@executable_path/Frameworks",
				);
				PRODUCT_BUNDLE_IDENTIFIER = com.Heady.Heady;
				PRODUCT_NAME = "$(TARGET_NAME)";
				PROVISIONING_PROFILE_SPECIFIER = "";
				SWIFT_VERSION = 4.0;
				TARGETED_DEVICE_FAMILY = "1,2";
			};
			name = Debug;
		};
		A942DDDC20CE7C9E00942810 /* Release */ = {
			isa = XCBuildConfiguration;
			buildSettings = {
				ASSETCATALOG_COMPILER_APPICON_NAME = AppIcon;
				CODE_SIGN_STYLE = Manual;
				DEVELOPMENT_TEAM = "";
				INFOPLIST_FILE = Heady/Info.plist;
				LD_RUNPATH_SEARCH_PATHS = (
					"$(inherited)",
					"@executable_path/Frameworks",
				);
				PRODUCT_BUNDLE_IDENTIFIER = com.Heady.Heady;
				PRODUCT_NAME = "$(TARGET_NAME)";
				PROVISIONING_PROFILE_SPECIFIER = "";
				SWIFT_VERSION = 4.0;
				TARGETED_DEVICE_FAMILY = "1,2";
			};
			name = Release;
		};
/* End XCBuildConfiguration section */

/* Begin XCConfigurationList section */
		A942DDC320CE7C9C00942810 /* Build configuration list for PBXProject "Heady" */ = {
			isa = XCConfigurationList;
			buildConfigurations = (
				A942DDD820CE7C9E00942810 /* Debug */,
				A942DDD920CE7C9E00942810 /* Release */,
			);
			defaultConfigurationIsVisible = 0;
			defaultConfigurationName = Release;
		};
		A942DDDA20CE7C9E00942810 /* Build configuration list for PBXNativeTarget "Heady" */ = {
			isa = XCConfigurationList;
			buildConfigurations = (
				A942DDDB20CE7C9E00942810 /* Debug */,
				A942DDDC20CE7C9E00942810 /* Release */,
			);
			defaultConfigurationIsVisible = 0;
			defaultConfigurationName = Release;
		};
/* End XCConfigurationList section */
	};
	rootObject = A942DDC020CE7C9C00942810 /* Project object */;
}
